version = 1
requires-python = ">=3.13"

[[package]]
name = "grpcio"
version = "1.67.0"
source = { registry = "https://pypi.org/simple" }
sdist = { url = "https://files.pythonhosted.org/packages/ec/ae/3c47d71ab4abd4bd60a7e2806071fe0a4b6937b9eabe522291787087ea1f/grpcio-1.67.0.tar.gz", hash = "sha256:e090b2553e0da1c875449c8e75073dd4415dd71c9bde6a406240fdf4c0ee467c", size = 12569330 }
wheels = [
    { url = "https://files.pythonhosted.org/packages/7a/e7/cc7feccb18ef0b5aa67ccb7859a091fa836c5d361a0109b9fca578e59e64/grpcio-1.67.0-cp313-cp313-linux_armv7l.whl", hash = "sha256:8c9a35b8bc50db35ab8e3e02a4f2a35cfba46c8705c3911c34ce343bd777813a", size = 5087009 },
    { url = "https://files.pythonhosted.org/packages/bd/56/10175f4b1600b16e601680df053361924a9fcd9e1c0ad9b8bd1ba2b4c864/grpcio-1.67.0-cp313-cp313-macosx_10_13_universal2.whl", hash = "sha256:42199e704095b62688998c2d84c89e59a26a7d5d32eed86d43dc90e7a3bd04aa", size = 10937553 },
    { url = "https://files.pythonhosted.org/packages/aa/85/115538b1aeb09d66c6e637608a56eddacd59eb71ab0161ad59172c01d436/grpcio-1.67.0-cp313-cp313-manylinux_2_17_aarch64.whl", hash = "sha256:c4c425f440fb81f8d0237c07b9322fc0fb6ee2b29fbef5f62a322ff8fcce240d", size = 5586507 },
    { url = "https://files.pythonhosted.org/packages/0f/db/f402a455e287154683235183c2843c27fffe2fc03fa4c45b57dd90011401/grpcio-1.67.0-cp313-cp313-manylinux_2_17_i686.manylinux2014_i686.whl", hash = "sha256:323741b6699cd2b04a71cb38f502db98f90532e8a40cb675393d248126a268af", size = 6211948 },
    { url = "https://files.pythonhosted.org/packages/92/e4/5957806105aad556f7df6a420b6c69044b6f707926392118772a8ba96de4/grpcio-1.67.0-cp313-cp313-manylinux_2_17_x86_64.manylinux2014_x86_64.whl", hash = "sha256:662c8e105c5e5cee0317d500eb186ed7a93229586e431c1bf0c9236c2407352c", size = 5849392 },
    { url = "https://files.pythonhosted.org/packages/88/ab/c496a406f4682c56e933bef6b0ed22b9eaec84c6915f83d5cddd94126e16/grpcio-1.67.0-cp313-cp313-musllinux_1_1_i686.whl", hash = "sha256:f6bd2ab135c64a4d1e9e44679a616c9bc944547357c830fafea5c3caa3de5153", size = 6571359 },
    { url = "https://files.pythonhosted.org/packages/9e/a8/96b3ef565791d7282c300c07c2a7080471311e7d5a239db15678aaac47eb/grpcio-1.67.0-cp313-cp313-musllinux_1_1_x86_64.whl", hash = "sha256:2f55c1e0e2ae9bdd23b3c63459ee4c06d223b68aeb1961d83c48fb63dc29bc03", size = 6147905 },
    { url = "https://files.pythonhosted.org/packages/cd/b7/846cc563209ff5af88bc7dcb269948210674c2f743e7fd8e1a2ad9708e89/grpcio-1.67.0-cp313-cp313-win32.whl", hash = "sha256:fd6bc27861e460fe28e94226e3673d46e294ca4673d46b224428d197c5935e69", size = 3594603 },
    { url = "https://files.pythonhosted.org/packages/bd/74/49d27908b369b72fd3373ec0f16d7f58614fb7101cb38b266afeab846cca/grpcio-1.67.0-cp313-cp313-win_amd64.whl", hash = "sha256:cf51d28063338608cd8d3cd64677e922134837902b70ce00dad7f116e3998210", size = 4345468 },
]

[[package]]
name = "grpcio-tools"
version = "1.67.0"
source = { registry = "https://pypi.org/simple" }
dependencies = [
    { name = "grpcio" },
    { name = "protobuf" },
    { name = "setuptools" },
]
sdist = { url = "https://files.pythonhosted.org/packages/e7/f8/62e15867651b72f6f95313e21d81f5f1c210b69a4cc664aecf52ec4c8a53/grpcio_tools-1.67.0.tar.gz", hash = "sha256:181b3d4e61b83142c182ec366f3079b0023509743986e54c9465ca38cac255f8", size = 5159163 }
wheels = [
    { url = "https://files.pythonhosted.org/packages/1e/44/cfe3aa14158d8becffd7823d5147039378d448097fb91ec723ad8b6d60cb/grpcio_tools-1.67.0-cp313-cp313-linux_armv7l.whl", hash = "sha256:9ecb7c2e5da052a3feaeaa83d8f2a946a8feec8a50751b0e6175da982b49ebb1", size = 2307454 },
    { url = "https://files.pythonhosted.org/packages/46/9c/99b345764b355b11f1ea7d160276e9eb9d32a1c77e4bfaa2db3de025f7d2/grpcio_tools-1.67.0-cp313-cp313-macosx_10_13_universal2.whl", hash = "sha256:3c52164f2b9d41c6d75464bb45f45737dcb421e92e98d85d94fda100c67a24d8", size = 5518036 },
    { url = "https://files.pythonhosted.org/packages/e8/8d/f1b4378335f39f37f9b440b26e7ecaa19660eef6b438ac7d8c5ad7e96d73/grpcio_tools-1.67.0-cp313-cp313-manylinux_2_17_aarch64.whl", hash = "sha256:471f58b919767290260d427dd9b760796e6208ee5fcda2f76bb8bd585ff842ec", size = 2281084 },
    { url = "https://files.pythonhosted.org/packages/27/ec/c31e5ec4d01f17e38fce03dfc3e47880bc25e1dd681fffe00fab04e21e33/grpcio_tools-1.67.0-cp313-cp313-manylinux_2_17_i686.manylinux2014_i686.whl", hash = "sha256:72c6bcdf38f672721c093c92b1fb1f9a02a365acc5bd42e1c69fe6e904b26081", size = 2616930 },
    { url = "https://files.pythonhosted.org/packages/b5/2b/82f3451ad9471ba946ca0e2ff43dc3269030d5e963d86d1cfe199e07dc38/grpcio_tools-1.67.0-cp313-cp313-manylinux_2_17_x86_64.manylinux2014_x86_64.whl", hash = "sha256:833b1eb9c03d28a798294523f75294055eff78fa897adf797876337b901afeb9", size = 2414635 },
    { url = "https://files.pythonhosted.org/packages/89/59/2811cb32947f21075c0b53a87aa652653154e6db3f03766e29b1f80a4bb6/grpcio_tools-1.67.0-cp313-cp313-musllinux_1_1_i686.whl", hash = "sha256:1db92ad6ade1946fc5705eb04956fcfdb3a0a4682de8dc3fce31cb97b6e4fcb8", size = 3224330 },
    { url = "https://files.pythonhosted.org/packages/3f/25/dde7cef6e639dae24e93f4385e689f554a1d2a531d5703786a6b7b8366f3/grpcio_tools-1.67.0-cp313-cp313-musllinux_1_1_x86_64.whl", hash = "sha256:38128310ded818e1044c0cd0979d76f7c0d3c3946a526a8aa39cd258624c3bf3", size = 2869633 },
    { url = "https://files.pythonhosted.org/packages/6f/dc/313bbdc01e4bd062d1e86cf667d81338670b9f44afa81a7b4e5ebf566ff4/grpcio_tools-1.67.0-cp313-cp313-win32.whl", hash = "sha256:db57930dc20ab678311727883bdb9f122daf06c14f3fd3067c9ccedb7eb056c3", size = 939997 },
    { url = "https://files.pythonhosted.org/packages/9e/07/5227eb621973b6afe7e6b3d4c637ed14069b7f5f7f45cc804c59df791304/grpcio_tools-1.67.0-cp313-cp313-win_amd64.whl", hash = "sha256:7de44d8d3bb920a4973a559f2950d03382fa4aed4880306416ffa73d24838477", size = 1089819 },
]

[[package]]
name = "protobuf"
version = "5.28.2"
source = { registry = "https://pypi.org/simple" }
sdist = { url = "https://files.pythonhosted.org/packages/b1/a4/4579a61de526e19005ceeb93e478b61d77aa38c8a85ad958ff16a9906549/protobuf-5.28.2.tar.gz", hash = "sha256:59379674ff119717404f7454647913787034f03fe7049cbef1d74a97bb4593f0", size = 422494 }
wheels = [
    { url = "https://files.pythonhosted.org/packages/e9/30/231764750e0987755b7b8d66771f161e5f002e165d27b72154c776dbabf7/protobuf-5.28.2-cp310-abi3-win32.whl", hash = "sha256:eeea10f3dc0ac7e6b4933d32db20662902b4ab81bf28df12218aa389e9c2102d", size = 419662 },
    { url = "https://files.pythonhosted.org/packages/7d/46/3fdf7462160135aee6a530f1ec66665b5b4132fa2e1002ab971bc6ec2589/protobuf-5.28.2-cp310-abi3-win_amd64.whl", hash = "sha256:2c69461a7fcc8e24be697624c09a839976d82ae75062b11a0972e41fd2cd9132", size = 431479 },
    { url = "https://files.pythonhosted.org/packages/37/45/d2a760580f8f2ed2825ba44cb370e0a4011ddef85e728f46ea3dd565a8a5/protobuf-5.28.2-cp38-abi3-macosx_10_9_universal2.whl", hash = "sha256:a8b9403fc70764b08d2f593ce44f1d2920c5077bf7d311fefec999f8c40f78b7", size = 414736 },
    { url = "https://files.pythonhosted.org/packages/e6/23/ed718dc18e6a561445ece1e7a17d2dda0c634ad9cf663102b47f10005d8f/protobuf-5.28.2-cp38-abi3-manylinux2014_aarch64.whl", hash = "sha256:35cfcb15f213449af7ff6198d6eb5f739c37d7e4f1c09b5d0641babf2cc0c68f", size = 316518 },
    { url = "https://files.pythonhosted.org/packages/23/08/a1ce0415a115c2b703bfa798f06f0e43ca91dbe29d6180bf86a9287b15e2/protobuf-5.28.2-cp38-abi3-manylinux2014_x86_64.whl", hash = "sha256:5e8a95246d581eef20471b5d5ba010d55f66740942b95ba9b872d918c459452f", size = 316605 },
    { url = "https://files.pythonhosted.org/packages/9b/55/f24e3b801d2e108c48aa2b1b59bb791b5cffba89465cbbf66fc98de89270/protobuf-5.28.2-py3-none-any.whl", hash = "sha256:52235802093bd8a2811abbe8bf0ab9c5f54cca0a751fdd3f6ac2a21438bffece", size = 169566 },
]

[[package]]
name = "python"
version = "0.1.0"
source = { virtual = "." }
dependencies = [
    { name = "grpcio" },
]

[package.dev-dependencies]
dev = [
    { name = "grpcio-tools" },
]

[package.metadata]
requires-dist = [{ name = "grpcio", specifier = ">=1.67.0" }]

[package.metadata.requires-dev]
dev = [{ name = "grpcio-tools", specifier = ">=1.67.0" }]

[[package]]
name = "setuptools"
version = "75.2.0"
source = { registry = "https://pypi.org/simple" }
sdist = { url = "https://files.pythonhosted.org/packages/07/37/b31be7e4b9f13b59cde9dcaeff112d401d49e0dc5b37ed4a9fc8fb12f409/setuptools-75.2.0.tar.gz", hash = "sha256:753bb6ebf1f465a1912e19ed1d41f403a79173a9acf66a42e7e6aec45c3c16ec", size = 1350308 }
wheels = [
    { url = "https://files.pythonhosted.org/packages/31/2d/90165d51ecd38f9a02c6832198c13a4e48652485e2ccf863ebb942c531b6/setuptools-75.2.0-py3-none-any.whl", hash = "sha256:a7fcb66f68b4d9e8e66b42f9876150a3371558f98fa32222ffaa5bced76406f8", size = 1249825 },
]
