version = 1
requires-python = ">=3.13"

[[package]]
name = "grpcio"
version = "1.67.0"
source = { registry = "https://pypi.org/simple" }
sdist = { url = "https://files.pythonhosted.org/packages/ec/ae/3c47d71ab4abd4bd60a7e2806071fe0a4b6937b9eabe522291787087ea1f/grpcio-1.67.0.tar.gz", hash = "sha256:e090b2553e0da1c875449c8e75073dd4415dd71c9bde6a406240fdf4c0ee467c", size = 12569330 }
wheels = [
    { url = "https://files.pythonhosted.org/packages/7a/e7/cc7feccb18ef0b5aa67ccb7859a091fa836c5d361a0109b9fca578e59e64/grpcio-1.67.0-cp313-cp313-linux_armv7l.whl", hash = "sha256:8c9a35b8bc50db35ab8e3e02a4f2a35cfba46c8705c3911c34ce343bd777813a", size = 5087009 },
    { url = "https://files.pythonhosted.org/packages/bd/56/10175f4b1600b16e601680df053361924a9fcd9e1c0ad9b8bd1ba2b4c864/grpcio-1.67.0-cp313-cp313-macosx_10_13_universal2.whl", hash = "sha256:42199e704095b62688998c2d84c89e59a26a7d5d32eed86d43dc90e7a3bd04aa", size = 10937553 },
    { url = "https://files.pythonhosted.org/packages/aa/85/115538b1aeb09d66c6e637608a56eddacd59eb71ab0161ad59172c01d436/grpcio-1.67.0-cp313-cp313-manylinux_2_17_aarch64.whl", hash = "sha256:c4c425f440fb81f8d0237c07b9322fc0fb6ee2b29fbef5f62a322ff8fcce240d", size = 5586507 },
    { url = "https://files.pythonhosted.org/packages/0f/db/f402a455e287154683235183c2843c27fffe2fc03fa4c45b57dd90011401/grpcio-1.67.0-cp313-cp313-manylinux_2_17_i686.manylinux2014_i686.whl", hash = "sha256:323741b6699cd2b04a71cb38f502db98f90532e8a40cb675393d248126a268af", size = 6211948 },
    { url = "https://files.pythonhosted.org/packages/92/e4/5957806105aad556f7df6a420b6c69044b6f707926392118772a8ba96de4/grpcio-1.67.0-cp313-cp313-manylinux_2_17_x86_64.manylinux2014_x86_64.whl", hash = "sha256:662c8e105c5e5cee0317d500eb186ed7a93229586e431c1bf0c9236c2407352c", size = 5849392 },
    { url = "https://files.pythonhosted.org/packages/88/ab/c496a406f4682c56e933bef6b0ed22b9eaec84c6915f83d5cddd94126e16/grpcio-1.67.0-cp313-cp313-musllinux_1_1_i686.whl", hash = "sha256:f6bd2ab135c64a4d1e9e44679a616c9bc944547357c830fafea5c3caa3de5153", size = 6571359 },
    { url = "https://files.pythonhosted.org/packages/9e/a8/96b3ef565791d7282c300c07c2a7080471311e7d5a239db15678aaac47eb/grpcio-1.67.0-cp313-cp313-musllinux_1_1_x86_64.whl", hash = "sha256:2f55c1e0e2ae9bdd23b3c63459ee4c06d223b68aeb1961d83c48fb63dc29bc03", size = 6147905 },
    { url = "https://files.pythonhosted.org/packages/cd/b7/846cc563209ff5af88bc7dcb269948210674c2f743e7fd8e1a2ad9708e89/grpcio-1.67.0-cp313-cp313-win32.whl", hash = "sha256:fd6bc27861e460fe28e94226e3673d46e294ca4673d46b224428d197c5935e69", size = 3594603 },
    { url = "https://files.pythonhosted.org/packages/bd/74/49d27908b369b72fd3373ec0f16d7f58614fb7101cb38b266afeab846cca/grpcio-1.67.0-cp313-cp313-win_amd64.whl", hash = "sha256:cf51d28063338608cd8d3cd64677e922134837902b70ce00dad7f116e3998210", size = 4345468 },
]

[[package]]
name = "python"
version = "0.1.0"
source = { virtual = "." }
dependencies = [
    { name = "grpcio" },
]

[package.metadata]
requires-dist = [{ name = "grpcio", specifier = ">=1.67.0" }]
